// !$*UTF8*$!
{
	archiveVersion = 1;
	classes = {
	};
	objectVersion = 48;
	objects = {

/* Begin PBXBuildFile section */
		3B0EB1E91F97028000778FEF /* AppDelegate.swift in Sources */ = {isa = PBXBuildFile; fileRef = 3B0EB1E81F97028000778FEF /* AppDelegate.swift */; };
		3B0EB1EB1F97028000778FEF /* FirstVC.swift in Sources */ = {isa = PBXBuildFile; fileRef = 3B0EB1EA1F97028000778FEF /* FirstVC.swift */; };
		3B0EB1EE1F97028000778FEF /* Main.storyboard in Resources */ = {isa = PBXBuildFile; fileRef = 3B0EB1EC1F97028000778FEF /* Main.storyboard */; };
		3B0EB1F01F97028000778FEF /* Assets.xcassets in Resources */ = {isa = PBXBuildFile; fileRef = 3B0EB1EF1F97028000778FEF /* Assets.xcassets */; };
		3B0EB1F31F97028000778FEF /* LaunchScreen.storyboard in Resources */ = {isa = PBXBuildFile; fileRef = 3B0EB1F11F97028000778FEF /* LaunchScreen.storyboard */; };
		3B0EB1FE1F97028000778FEF /* PassDataNotificationTests.swift in Sources */ = {isa = PBXBuildFile; fileRef = 3B0EB1FD1F97028000778FEF /* PassDataNotificationTests.swift */; };
		3B0EB2091F97048200778FEF /* SecondVC.swift in Sources */ = {isa = PBXBuildFile; fileRef = 3B0EB2081F97048200778FEF /* SecondVC.swift */; };
/* End PBXBuildFile section */

/* Begin PBXContainerItemProxy section */
		3B0EB1FA1F97028000778FEF /* PBXContainerItemProxy */ = {
			isa = PBXContainerItemProxy;
			containerPortal = 3B0EB1DD1F97028000778FEF /* Project object */;
			proxyType = 1;
			remoteGlobalIDString = 3B0EB1E41F97028000778FEF;
			remoteInfo = PassDataNotification;
		};
/* End PBXContainerItemProxy section */

/* Begin PBXFileReference section */
		3B0EB1E51F97028000778FEF /* PassDataNotification.app */ = {isa = PBXFileReference; explicitFileType = wrapper.application; includeInIndex = 0; path = PassDataNotification.app; sourceTree = BUILT_PRODUCTS_DIR; };
		3B0EB1E81F97028000778FEF /* AppDelegate.swift */ = {isa = PBXFileReference; lastKnownFileType = sourcecode.swift; path = AppDelegate.swift; sourceTree = "<group>"; };
		3B0EB1EA1F97028000778FEF /* FirstVC.swift */ = {isa = PBXFileReference; lastKnownFileType = sourcecode.swift; path = FirstVC.swift; sourceTree = "<group>"; };
		3B0EB1ED1F97028000778FEF /* Base */ = {isa = PBXFileReference; lastKnownFileType = file.storyboard; name = Base; path = Base.lproj/Main.storyboard; sourceTree = "<group>"; };
		3B0EB1EF1F97028000778FEF /* Assets.xcassets */ = {isa = PBXFileReference; lastKnownFileType = folder.assetcatalog; path = Assets.xcassets; sourceTree = "<group>"; };
		3B0EB1F21F97028000778FEF /* Base */ = {isa = PBXFileReference; lastKnownFileType = file.storyboard; name = Base; path = Base.lproj/LaunchScreen.storyboard; sourceTree = "<group>"; };
		3B0EB1F41F97028000778FEF /* Info.plist */ = {isa = PBXFileReference; lastKnownFileType = text.plist.xml; path = Info.plist; sourceTree = "<group>"; };
		3B0EB1F91F97028000778FEF /* PassDataNotificationTests.xctest */ = {isa = PBXFileReference; explicitFileType = wrapper.cfbundle; includeInIndex = 0; path = PassDataNotificationTests.xctest; sourceTree = BUILT_PRODUCTS_DIR; };
		3B0EB1FD1F97028000778FEF /* PassDataNotificationTests.swift */ = {isa = PBXFileReference; lastKnownFileType = sourcecode.swift; path = PassDataNotificationTests.swift; sourceTree = "<group>"; };
		3B0EB1FF1F97028000778FEF /* Info.plist */ = {isa = PBXFileReference; lastKnownFileType = text.plist.xml; path = Info.plist; sourceTree = "<group>"; };
		3B0EB2081F97048200778FEF /* SecondVC.swift */ = {isa = PBXFileReference; lastKnownFileType = sourcecode.swift; path = SecondVC.swift; sourceTree = "<group>"; };
/* End PBXFileReference section */

/* Begin PBXFrameworksBuildPhase section */
		3B0EB1E21F97028000778FEF /* Frameworks */ = {
			isa = PBXFrameworksBuildPhase;
			buildActionMask = 2147483647;
			files = (
			);
			runOnlyForDeploymentPostprocessing = 0;
		};
		3B0EB1F61F97028000778FEF /* Frameworks */ = {
			isa = PBXFrameworksBuildPhase;
			buildActionMask = 2147483647;
			files = (
			);
			runOnlyForDeploymentPostprocessing = 0;
		};
/* End PBXFrameworksBuildPhase section */

/* Begin PBXGroup section */
		3B0EB1DC1F97028000778FEF = {
			isa = PBXGroup;
			children = (
				3B0EB1E71F97028000778FEF /* PassDataNotification */,
				3B0EB1FC1F97028000778FEF /* PassDataNotificationTests */,
				3B0EB1E61F97028000778FEF /* Products */,
			);
			sourceTree = "<group>";
		};
		3B0EB1E61F97028000778FEF /* Products */ = {
			isa = PBXGroup;
			children = (
				3B0EB1E51F97028000778FEF /* PassDataNotification.app */,
				3B0EB1F91F97028000778FEF /* PassDataNotificationTests.xctest */,
			);
			name = Products;
			sourceTree = "<group>";
		};
		3B0EB1E71F97028000778FEF /* PassDataNotification */ = {
			isa = PBXGroup;
			children = (
				3B0EB1E81F97028000778FEF /* AppDelegate.swift */,
				3B0EB1EA1F97028000778FEF /* FirstVC.swift */,
				3B0EB2081F97048200778FEF /* SecondVC.swift */,
				3B0EB1EC1F97028000778FEF /* Main.storyboard */,
				3B0EB1EF1F97028000778FEF /* Assets.xcassets */,
				3B0EB1F11F97028000778FEF /* LaunchScreen.storyboard */,
				3B0EB1F41F97028000778FEF /* Info.plist */,
			);
			path = PassDataNotification;
			sourceTree = "<group>";
		};
		3B0EB1FC1F97028000778FEF /* PassDataNotificationTests */ = {
			isa = PBXGroup;
			children = (
				3B0EB1FD1F97028000778FEF /* PassDataNotificationTests.swift */,
				3B0EB1FF1F97028000778FEF /* Info.plist */,
			);
			path = PassDataNotificationTests;
			sourceTree = "<group>";
		};
/* End PBXGroup section */

/* Begin PBXNativeTarget section */
		3B0EB1E41F97028000778FEF /* PassDataNotification */ = {
			isa = PBXNativeTarget;
			buildConfigurationList = 3B0EB2021F97028000778FEF /* Build configuration list for PBXNativeTarget "PassDataNotification" */;
			buildPhases = (
				3B0EB1E11F97028000778FEF /* Sources */,
				3B0EB1E21F97028000778FEF /* Frameworks */,
				3B0EB1E31F97028000778FEF /* Resources */,
			);
			buildRules = (
			);
			dependencies = (
			);
			name = PassDataNotification;
			productName = PassDataNotification;
			productReference = 3B0EB1E51F97028000778FEF /* PassDataNotification.app */;
			productType = "com.apple.product-type.application";
		};
		3B0EB1F81F97028000778FEF /* PassDataNotificationTests */ = {
			isa = PBXNativeTarget;
			buildConfigurationList = 3B0EB2051F97028000778FEF /* Build configuration list for PBXNativeTarget "PassDataNotificationTests" */;
			buildPhases = (
				3B0EB1F51F97028000778FEF /* Sources */,
				3B0EB1F61F97028000778FEF /* Frameworks */,
				3B0EB1F71F97028000778FEF /* Resources */,
			);
			buildRules = (
			);
			dependencies = (
				3B0EB1FB1F97028000778FEF /* PBXTargetDependency */,
			);
			name = PassDataNotificationTests;
			productName = PassDataNotificationTests;
			productReference = 3B0EB1F91F97028000778FEF /* PassDataNotificationTests.xctest */;
			productType = "com.apple.product-type.bundle.unit-test";
		};
/* End PBXNativeTarget section */

/* Begin PBXProject section */
		3B0EB1DD1F97028000778FEF /* Project object */ = {
			isa = PBXProject;
			attributes = {
				LastSwiftUpdateCheck = 0900;
				LastUpgradeCheck = 0900;
				ORGANIZATIONNAME = Luyen;
				TargetAttributes = {
					3B0EB1E41F97028000778FEF = {
						CreatedOnToolsVersion = 9.0;
						ProvisioningStyle = Automatic;
					};
					3B0EB1F81F97028000778FEF = {
						CreatedOnToolsVersion = 9.0;
						ProvisioningStyle = Automatic;
						TestTargetID = 3B0EB1E41F97028000778FEF;
					};
				};
			};
			buildConfigurationList = 3B0EB1E01F97028000778FEF /* Build configuration list for PBXProject "PassDataNotification" */;
			compatibilityVersion = "Xcode 8.0";
			developmentRegion = en;
			hasScannedForEncodings = 0;
			knownRegions = (
				en,
				Base,
			);
			mainGroup = 3B0EB1DC1F97028000778FEF;
			productRefGroup = 3B0EB1E61F97028000778FEF /* Products */;
			projectDirPath = "";
			projectRoot = "";
			targets = (
				3B0EB1E41F97028000778FEF /* PassDataNotification */,
				3B0EB1F81F97028000778FEF /* PassDataNotificationTests */,
			);
		};
/* End PBXProject section */

/* Begin PBXResourcesBuildPhase section */
		3B0EB1E31F97028000778FEF /* Resources */ = {
			isa = PBXResourcesBuildPhase;
			buildActionMask = 2147483647;
			files = (
				3B0EB1F31F97028000778FEF /* LaunchScreen.storyboard in Resources */,
				3B0EB1F01F97028000778FEF /* Assets.xcassets in Resources */,
				3B0EB1EE1F97028000778FEF /* Main.storyboard in Resources */,
			);
			runOnlyForDeploymentPostprocessing = 0;
		};
		3B0EB1F71F97028000778FEF /* Resources */ = {
			isa = PBXResourcesBuildPhase;
			buildActionMask = 2147483647;
			files = (
			);
			runOnlyForDeploymentPostprocessing = 0;
		};
/* End PBXResourcesBuildPhase section */

/* Begin PBXSourcesBuildPhase section */
		3B0EB1E11F97028000778FEF /* Sources */ = {
			isa = PBXSourcesBuildPhase;
			buildActionMask = 2147483647;
			files = (
				3B0EB1EB1F97028000778FEF /* FirstVC.swift in Sources */,
				3B0EB2091F97048200778FEF /* SecondVC.swift in Sources */,
				3B0EB1E91F97028000778FEF /* AppDelegate.swift in Sources */,
			);
			runOnlyForDeploymentPostprocessing = 0;
		};
		3B0EB1F51F97028000778FEF /* Sources */ = {
			isa = PBXSourcesBuildPhase;
			buildActionMask = 2147483647;
			files = (
				3B0EB1FE1F97028000778FEF /* PassDataNotificationTests.swift in Sources */,
			);
			runOnlyForDeploymentPostprocessing = 0;
		};
/* End PBXSourcesBuildPhase section */

/* Begin PBXTargetDependency section */
		3B0EB1FB1F97028000778FEF /* PBXTargetDependency */ = {
			isa = PBXTargetDependency;
			target = 3B0EB1E41F97028000778FEF /* PassDataNotification */;
			targetProxy = 3B0EB1FA1F97028000778FEF /* PBXContainerItemProxy */;
		};
/* End PBXTargetDependency section */

/* Begin PBXVariantGroup section */
		3B0EB1EC1F97028000778FEF /* Main.storyboard */ = {
			isa = PBXVariantGroup;
			children = (
				3B0EB1ED1F97028000778FEF /* Base */,
			);
			name = Main.storyboard;
			sourceTree = "<group>";
		};
		3B0EB1F11F97028000778FEF /* LaunchScreen.storyboard */ = {
			isa = PBXVariantGroup;
			children = (
				3B0EB1F21F97028000778FEF /* Base */,
			);
			name = LaunchScreen.storyboard;
			sourceTree = "<group>";
		};
/* End PBXVariantGroup section */

/* Begin XCBuildConfiguration section */
		3B0EB2001F97028000778FEF /* Debug */ = {
			isa = XCBuildConfiguration;
			buildSettings = {
				ALWAYS_SEARCH_USER_PATHS = NO;
				CLANG_ANALYZER_NONNULL = YES;
				CLANG_ANALYZER_NUMBER_OBJECT_CONVERSION = YES_AGGRESSIVE;
				CLANG_CXX_LANGUAGE_STANDARD = "gnu++14";
				CLANG_CXX_LIBRARY = "libc++";
				CLANG_ENABLE_MODULES = YES;
				CLANG_ENABLE_OBJC_ARC = YES;
				CLANG_WARN_BLOCK_CAPTURE_AUTORELEASING = YES;
				CLANG_WARN_BOOL_CONVERSION = YES;
				CLANG_WARN_COMMA = YES;
				CLANG_WARN_CONSTANT_CONVERSION = YES;
				CLANG_WARN_DIRECT_OBJC_ISA_USAGE = YES_ERROR;
				CLANG_WARN_DOCUMENTATION_COMMENTS = YES;
				CLANG_WARN_EMPTY_BODY = YES;
				CLANG_WARN_ENUM_CONVERSION = YES;
				CLANG_WARN_INFINITE_RECURSION = YES;
				CLANG_WARN_INT_CONVERSION = YES;
				CLANG_WARN_NON_LITERAL_NULL_CONVERSION = YES;
				CLANG_WARN_OBJC_LITERAL_CONVERSION = YES;
				CLANG_WARN_OBJC_ROOT_CLASS = YES_ERROR;
				CLANG_WARN_RANGE_LOOP_ANALYSIS = YES;
				CLANG_WARN_STRICT_PROTOTYPES = YES;
				CLANG_WARN_SUSPICIOUS_MOVE = YES;
				CLANG_WARN_UNGUARDED_AVAILABILITY = YES_AGGRESSIVE;
				CLANG_WARN_UNREACHABLE_CODE = YES;
				CLANG_WARN__DUPLICATE_METHOD_MATCH = YES;
				CODE_SIGN_IDENTITY = "iPhone Developer";
				COPY_PHASE_STRIP = NO;
				DEBUG_INFORMATION_FORMAT = dwarf;
				ENABLE_STRICT_OBJC_MSGSEND = YES;
				ENABLE_TESTABILITY = YES;
				GCC_C_LANGUAGE_STANDARD = gnu11;
				GCC_DYNAMIC_NO_PIC = NO;
				GCC_NO_COMMON_BLOCKS = YES;
				GCC_OPTIMIZATION_LEVEL = 0;
				GCC_PREPROCESSOR_DEFINITIONS = (
					"DEBUG=1",
					"$(inherited)",
				);
				GCC_WARN_64_TO_32_BIT_CONVERSION = YES;
				GCC_WARN_ABOUT_RETURN_TYPE = YES_ERROR;
				GCC_WARN_UNDECLARED_SELECTOR = YES;
				GCC_WARN_UNINITIALIZED_AUTOS = YES_AGGRESSIVE;
				GCC_WARN_UNUSED_FUNCTION = YES;
				GCC_WARN_UNUSED_VARIABLE = YES;
				IPHONEOS_DEPLOYMENT_TARGET = 11.0;
				MTL_ENABLE_DEBUG_INFO = YES;
				ONLY_ACTIVE_ARCH = YES;
				SDKROOT = iphoneos;
				SWIFT_ACTIVE_COMPILATION_CONDITIONS = DEBUG;
				SWIFT_OPTIMIZATION_LEVEL = "-Onone";
			};
			name = Debug;
		};
		3B0EB2011F97028000778FEF /* Release */ = {
			isa = XCBuildConfiguration;
			buildSettings = {
				ALWAYS_SEARCH_USER_PATHS = NO;
				CLANG_ANALYZER_NONNULL = YES;
				CLANG_ANALYZER_NUMBER_OBJECT_CONVERSION = YES_AGGRESSIVE;
				CLANG_CXX_LANGUAGE_STANDARD = "gnu++14";
				CLANG_CXX_LIBRARY = "libc++";
				CLANG_ENABLE_MODULES = YES;
				CLANG_ENABLE_OBJC_ARC = YES;
				CLANG_WARN_BLOCK_CAPTURE_AUTORELEASING = YES;
				CLANG_WARN_BOOL_CONVERSION = YES;
				CLANG_WARN_COMMA = YES;
				CLANG_WARN_CONSTANT_CONVERSION = YES;
				CLANG_WARN_DIRECT_OBJC_ISA_USAGE = YES_ERROR;
				CLANG_WARN_DOCUMENTATION_COMMENTS = YES;
				CLANG_WARN_EMPTY_BODY = YES;
				CLANG_WARN_ENUM_CONVERSION = YES;
				CLANG_WARN_INFINITE_RECURSION = YES;
				CLANG_WARN_INT_CONVERSION = YES;
				CLANG_WARN_NON_LITERAL_NULL_CONVERSION = YES;
				CLANG_WARN_OBJC_LITERAL_CONVERSION = YES;
				CLANG_WARN_OBJC_ROOT_CLASS = YES_ERROR;
				CLANG_WARN_RANGE_LOOP_ANALYSIS = YES;
				CLANG_WARN_STRICT_PROTOTYPES = YES;
				CLANG_WARN_SUSPICIOUS_MOVE = YES;
				CLANG_WARN_UNGUARDED_AVAILABILITY = YES_AGGRESSIVE;
				CLANG_WARN_UNREACHABLE_CODE = YES;
				CLANG_WARN__DUPLICATE_METHOD_MATCH = YES;
				CODE_SIGN_IDENTITY = "iPhone Developer";
				COPY_PHASE_STRIP = NO;
				DEBUG_INFORMATION_FORMAT = "dwarf-with-dsym";
				ENABLE_NS_ASSERTIONS = NO;
				ENABLE_STRICT_OBJC_MSGSEND = YES;
				GCC_C_LANGUAGE_STANDARD = gnu11;
				GCC_NO_COMMON_BLOCKS = YES;
				GCC_WARN_64_TO_32_BIT_CONVERSION = YES;
				GCC_WARN_ABOUT_RETURN_TYPE = YES_ERROR;
				GCC_WARN_UNDECLARED_SELECTOR = YES;
				GCC_WARN_UNINITIALIZED_AUTOS = YES_AGGRESSIVE;
				GCC_WARN_UNUSED_FUNCTION = YES;
				GCC_WARN_UNUSED_VARIABLE = YES;
				IPHONEOS_DEPLOYMENT_TARGET = 11.0;
				MTL_ENABLE_DEBUG_INFO = NO;
				SDKROOT = iphoneos;
				SWIFT_OPTIMIZATION_LEVEL = "-Owholemodule";
				VALIDATE_PRODUCT = YES;
			};
			name = Release;
		};
		3B0EB2031F97028000778FEF /* Debug */ = {
			isa = XCBuildConfiguration;
			buildSettings = {
				ASSETCATALOG_COMPILER_APPICON_NAME = AppIcon;
				CODE_SIGN_STYLE = Automatic;
				INFOPLIST_FILE = PassDataNotification/Info.plist;
				LD_RUNPATH_SEARCH_PATHS = "$(inherited) @executable_path/Frameworks";
				PRODUCT_BUNDLE_IDENTIFIER = luyen.PassDataNotification;
				PRODUCT_NAME = "$(TARGET_NAME)";
				SWIFT_VERSION = 4.0;
				TARGETED_DEVICE_FAMILY = "1,2";
			};
			name = Debug;
		};
		3B0EB2041F97028000778FEF /* Release */ = {
			isa = XCBuildConfiguration;
			buildSettings = {
				ASSETCATALOG_COMPILER_APPICON_NAME = AppIcon;
				CODE_SIGN_STYLE = Automatic;
				INFOPLIST_FILE = PassDataNotification/Info.plist;
				LD_RUNPATH_SEARCH_PATHS = "$(inherited) @executable_path/Frameworks";
				PRODUCT_BUNDLE_IDENTIFIER = luyen.PassDataNotification;
				PRODUCT_NAME = "$(TARGET_NAME)";
				SWIFT_VERSION = 4.0;
				TARGETED_DEVICE_FAMILY = "1,2";
			};
			name = Release;
		};
		3B0EB2061F97028000778FEF /* Debug */ = {
			isa = XCBuildConfiguration;
			buildSettings = {
				ALWAYS_EMBED_SWIFT_STANDARD_LIBRARIES = YES;
				BUNDLE_LOADER = "$(TEST_HOST)";
				CODE_SIGN_STYLE = Automatic;
				INFOPLIST_FILE = PassDataNotificationTests/Info.plist;
				LD_RUNPATH_SEARCH_PATHS = "$(inherited) @executable_path/Frameworks @loader_path/Frameworks";
				PRODUCT_BUNDLE_IDENTIFIER = luyen.PassDataNotificationTests;
				PRODUCT_NAME = "$(TARGET_NAME)";
				SWIFT_VERSION = 4.0;
				TARGETED_DEVICE_FAMILY = "1,2";
				TEST_HOST = "$(BUILT_PRODUCTS_DIR)/PassDataNotification.app/PassDataNotification";
			};
			name = Debug;
		};
		3B0EB2071F97028000778FEF /* Release */ = {
			isa = XCBuildConfiguration;
			buildSettings = {
				ALWAYS_EMBED_SWIFT_STANDARD_LIBRARIES = YES;
				BUNDLE_LOADER = "$(TEST_HOST)";
				CODE_SIGN_STYLE = Automatic;
				INFOPLIST_FILE = PassDataNotificationTests/Info.plist;
				LD_RUNPATH_SEARCH_PATHS = "$(inherited) @executable_path/Frameworks @loader_path/Frameworks";
				PRODUCT_BUNDLE_IDENTIFIER = luyen.PassDataNotificationTests;
				PRODUCT_NAME = "$(TARGET_NAME)";
				SWIFT_VERSION = 4.0;
				TARGETED_DEVICE_FAMILY = "1,2";
				TEST_HOST = "$(BUILT_PRODUCTS_DIR)/PassDataNotification.app/PassDataNotification";
			};
			name = Release;
		};
/* End XCBuildConfiguration section */

/* Begin XCConfigurationList section */
		3B0EB1E01F97028000778FEF /* Build configuration list for PBXProject "PassDataNotification" */ = {
			isa = XCConfigurationList;
			buildConfigurations = (
				3B0EB2001F97028000778FEF /* Debug */,
				3B0EB2011F97028000778FEF /* Release */,
			);
			defaultConfigurationIsVisible = 0;
			defaultConfigurationName = Release;
		};
		3B0EB2021F97028000778FEF /* Build configuration list for PBXNativeTarget "PassDataNotification" */ = {
			isa = XCConfigurationList;
			buildConfigurations = (
				3B0EB2031F97028000778FEF /* Debug */,
				3B0EB2041F97028000778FEF /* Release */,
			);
			defaultConfigurationIsVisible = 0;
			defaultConfigurationName = Release;
		};
		3B0EB2051F97028000778FEF /* Build configuration list for PBXNativeTarget "PassDataNotificationTests" */ = {
			isa = XCConfigurationList;
			buildConfigurations = (
				3B0EB2061F97028000778FEF /* Debug */,
				3B0EB2071F97028000778FEF /* Release */,
			);
			defaultConfigurationIsVisible = 0;
			defaultConfigurationName = Release;
		};
/* End XCConfigurationList section */
	};
	rootObject = 3B0EB1DD1F97028000778FEF /* Project object */;
}
